{
  "name": "PortfolioWebsite",
  "lockfileVersion": 3,
  "requires": true,
  "packages": {
    "": {
      "dependencies": {
        "@types/styled-components": "^5.1.34",
        "emailjs-com": "^3.2.0",
        "lucide-react": "^0.511.0",
        "react-intersection-observer": "^9.16.0",
        "react-rounded-image": "^2.0.15",
        "react-scroll": "^1.9.3",
        "react-scrollbars-custom": "^4.1.1"
      }
    },
    "node_modules/@types/hoist-non-react-statics": {
      "version": "3.3.6",
      "resolved": "https://registry.npmjs.org/@types/hoist-non-react-statics/-/hoist-non-react-statics-3.3.6.tgz",
      "integrity": "sha512-lPByRJUer/iN/xa4qpyL0qmL11DqNW81iU/IG1S3uvRUq4oKagz8VCxZjiWkumgt66YT3vOdDgZ0o32sGKtCEw==",
      "license": "MIT",
      "dependencies": {
        "@types/react": "*",
        "hoist-non-react-statics": "^3.3.0"
      }
    },
    "node_modules/@types/react": {
      "version": "19.1.2",
      "resolved": "https://registry.npmjs.org/@types/react/-/react-19.1.2.tgz",
      "integrity": "sha512-oxLPMytKchWGbnQM9O7D67uPa9paTNxO7jVoNMXgkkErULBPhPARCfkKL9ytcIJJRGjbsVwW4ugJzyFFvm/Tiw==",
      "license": "MIT",
      "dependencies": {
        "csstype": "^3.0.2"
      }
    },
    "node_modules/@types/styled-components": {
      "version": "5.1.34",
      "resolved": "https://registry.npmjs.org/@types/styled-components/-/styled-components-5.1.34.tgz",
      "integrity": "sha512-mmiVvwpYklFIv9E8qfxuPyIt/OuyIrn6gMOAMOFUO3WJfSrSE+sGUoa4PiZj77Ut7bKZpaa6o1fBKS/4TOEvnA==",
      "license": "MIT",
      "dependencies": {
        "@types/hoist-non-react-statics": "*",
        "@types/react": "*",
        "csstype": "^3.0.2"
      }
    },
    "node_modules/clsx": {
      "version": "1.2.1",
      "resolved": "https://registry.npmjs.org/clsx/-/clsx-1.2.1.tgz",
      "integrity": "sha512-EcR6r5a8bj6pu3ycsa/E/cKVGuTgZJZdsyUYHOksG/UHIiKfjxzRxYJpyVBwYaQeOvghal9fcc4PidlgzugAQg==",
      "license": "MIT",
      "engines": {
        "node": ">=6"
      }
    },
    "node_modules/cnbuilder": {
      "version": "3.1.0",
      "resolved": "https://registry.npmjs.org/cnbuilder/-/cnbuilder-3.1.0.tgz",
      "integrity": "sha512-9sxWwwprkPNTVQnx92WYPEWCmyZRqbf9VWUYABU4rl0mLL17VAV2MvvOApkMA6bQVXRLJ8jN//8Yp6drElpLWA==",
      "license": "MIT",
      "funding": {
        "type": "patreon",
        "url": "https://www.patreon.com/xobotyi"
      }
    },
    "node_modules/csstype": {
      "version": "3.1.3",
      "resolved": "https://registry.npmjs.org/csstype/-/csstype-3.1.3.tgz",
      "integrity": "sha512-M1uQkMl8rQK/szD0LNhtqxIPLpimGm8sOBwU7lLnCpSbTyY3yeU1Vc7l4KT5zT4s/yOxHH5O7tIuuLOCnLADRw==",
      "license": "MIT"
    },
    "node_modules/emailjs-com": {
      "version": "3.2.0",
      "resolved": "https://registry.npmjs.org/emailjs-com/-/emailjs-com-3.2.0.tgz",
      "integrity": "sha512-Prbz3E1usiAwGjMNYRv6EsJ5c373cX7/AGnZQwOfrpNJrygQJ15+E9OOq4pU8yC977Z5xMetRfc3WmDX6RcjAA==",
      "deprecated": "The SDK name changed to @emailjs/browser",
      "license": "MIT",
      "engines": {
        "node": ">=12.0.0"
      }
    },
    "node_modules/hoist-non-react-statics": {
      "version": "3.3.2",
      "resolved": "https://registry.npmjs.org/hoist-non-react-statics/-/hoist-non-react-statics-3.3.2.tgz",
      "integrity": "sha512-/gGivxi8JPKWNm/W0jSmzcMPpfpPLc3dY/6GxhX2hQ9iGj3aDfklV4ET7NjKpSinLpJ5vafa9iiGIEZg10SfBw==",
      "license": "BSD-3-Clause",
      "dependencies": {
        "react-is": "^16.7.0"
      }
    },
    "node_modules/js-tokens": {
      "version": "4.0.0",
      "resolved": "https://registry.npmjs.org/js-tokens/-/js-tokens-4.0.0.tgz",
      "integrity": "sha512-RdJUflcE3cUzKiMqQgsCu06FPu9UdIJO0beYbPhHN4k6apgJtifcoCtT9bcxOpYBtpD2kCM6Sbzg4CausW/PKQ==",
      "license": "MIT"
    },
    "node_modules/lodash.throttle": {
      "version": "4.1.1",
      "resolved": "https://registry.npmjs.org/lodash.throttle/-/lodash.throttle-4.1.1.tgz",
      "integrity": "sha512-wIkUCfVKpVsWo3JSZlc+8MB5it+2AN5W8J7YVMST30UrvcQNZ1Okbj+rbVniijTWE6FGYy4XJq/rHkas8qJMLQ==",
      "license": "MIT"
    },
    "node_modules/loose-envify": {
      "version": "1.4.0",
      "resolved": "https://registry.npmjs.org/loose-envify/-/loose-envify-1.4.0.tgz",
      "integrity": "sha512-lyuxPGr/Wfhrlem2CL/UcnUc1zcqKAImBDzukY7Y5F/yQiNdko6+fRLevlw1HgMySw7f611UIY408EtxRSoK3Q==",
      "license": "MIT",
      "dependencies": {
        "js-tokens": "^3.0.0 || ^4.0.0"
      },
      "bin": {
        "loose-envify": "cli.js"
      }
    },
    "node_modules/lucide-react": {
      "version": "0.511.0",
      "resolved": "https://registry.npmjs.org/lucide-react/-/lucide-react-0.511.0.tgz",
      "integrity": "sha512-VK5a2ydJ7xm8GvBeKLS9mu1pVK6ucef9780JVUjw6bAjJL/QXnd4Y0p7SPeOUMC27YhzNCZvm5d/QX0Tp3rc0w==",
      "license": "ISC",
      "peerDependencies": {
        "react": "^16.5.1 || ^17.0.0 || ^18.0.0 || ^19.0.0"
      }
    },
    "node_modules/object-assign": {
      "version": "4.1.1",
      "resolved": "https://registry.npmjs.org/object-assign/-/object-assign-4.1.1.tgz",
      "integrity": "sha512-rJgTQnkUnH1sFw8yT6VSU3zD3sWmu6sZhIseY8VX+GRu3P6F7Fu+JNDoXfklElbLJSnc3FUQHVe4cU5hj+BcUg==",
      "license": "MIT",
      "engines": {
        "node": ">=0.10.0"
      }
    },
    "node_modules/prop-types": {
      "version": "15.8.1",
      "resolved": "https://registry.npmjs.org/prop-types/-/prop-types-15.8.1.tgz",
      "integrity": "sha512-oj87CgZICdulUohogVAR7AjlC0327U4el4L6eAvOqCeudMDVU0NThNaV+b9Df4dXgSP1gXMTnPdhfe/2qDH5cg==",
      "license": "MIT",
      "dependencies": {
        "loose-envify": "^1.4.0",
        "object-assign": "^4.1.1",
        "react-is": "^16.13.1"
      }
    },
    "node_modules/react": {
      "version": "17.0.2",
      "resolved": "https://registry.npmjs.org/react/-/react-17.0.2.tgz",
      "integrity": "sha512-gnhPt75i/dq/z3/6q/0asP78D0u592D5L1pd7M8P+dck6Fu/jJeL6iVVK23fptSUZj8Vjf++7wXA8UNclGQcbA==",
      "license": "MIT",
      "peer": true,
      "dependencies": {
        "loose-envify": "^1.1.0",
        "object-assign": "^4.1.1"
      },
      "engines": {
        "node": ">=0.10.0"
      }
    },
    "node_modules/react-dom": {
      "version": "17.0.2",
      "resolved": "https://registry.npmjs.org/react-dom/-/react-dom-17.0.2.tgz",
      "integrity": "sha512-s4h96KtLDUQlsENhMn1ar8t2bEa+q/YAtj8pPPdIjPDGBDIVNsrD9aXNWqspUe6AzKCIG0C1HZZLqLV7qpOBGA==",
      "license": "MIT",
      "peer": true,
      "dependencies": {
        "loose-envify": "^1.1.0",
        "object-assign": "^4.1.1",
        "scheduler": "^0.20.2"
      },
      "peerDependencies": {
        "react": "17.0.2"
      }
    },
    "node_modules/react-intersection-observer": {
      "version": "9.16.0",
      "resolved": "https://registry.npmjs.org/react-intersection-observer/-/react-intersection-observer-9.16.0.tgz",
      "integrity": "sha512-w9nJSEp+DrW9KmQmeWHQyfaP6b03v+TdXynaoA964Wxt7mdR3An11z4NNCQgL4gKSK7y1ver2Fq+JKH6CWEzUA==",
      "license": "MIT",
      "peerDependencies": {
        "react": "^17.0.0 || ^18.0.0 || ^19.0.0",
        "react-dom": "^17.0.0 || ^18.0.0 || ^19.0.0"
      },
      "peerDependenciesMeta": {
        "react-dom": {
          "optional": true
        }
      }
    },
    "node_modules/react-is": {
      "version": "16.13.1",
      "resolved": "https://registry.npmjs.org/react-is/-/react-is-16.13.1.tgz",
      "integrity": "sha512-24e6ynE2H+OKt4kqsOvNd8kBpV65zoxbA4BVsEOB3ARVWQki/DHzaUoC5KuON/BiccDaCCTZBuOcfZs70kR8bQ==",
      "license": "MIT"
    },
    "node_modules/react-rounded-image": {
      "version": "2.0.15",
      "resolved": "https://registry.npmjs.org/react-rounded-image/-/react-rounded-image-2.0.15.tgz",
      "integrity": "sha512-NTOXCwFMLhUuI4+/etXgwy6ArzmBGs6+YlMMS+Z61xQ30gkiZAqc+DGTGoTCR4FIfs0XYUG6L/tEgrZ2tOfhDQ==",
      "license": "MIT",
      "peerDependencies": {
        "prop-types": "^15.7.2",
        "react": "^17.0.2",
        "react-dom": "^17.0.2"
      }
    },
    "node_modules/react-scroll": {
      "version": "1.9.3",
      "resolved": "https://registry.npmjs.org/react-scroll/-/react-scroll-1.9.3.tgz",
      "integrity": "sha512-xv7FXqF3k63aSLNu4/NjFvRNI0ge7DmmmsbeGarP7LZVAlJMSjUuW3dTtLxp1Afijyv0lS2qwC0GiFHvx1KBHQ==",
      "license": "MIT",
      "dependencies": {
        "lodash.throttle": "^4.1.1",
        "prop-types": "^15.7.2"
      },
      "peerDependencies": {
        "react": "^15.5.4 || ^16.0.0 || ^17.0.0 || ^18.0.0 || ^19.0.0",
        "react-dom": "^15.5.4 || ^16.0.0 || ^17.0.0 || ^18.0.0 || ^19.0.0"
      }
    },
    "node_modules/react-scrollbars-custom": {
      "version": "4.1.1",
      "resolved": "https://registry.npmjs.org/react-scrollbars-custom/-/react-scrollbars-custom-4.1.1.tgz",
      "integrity": "sha512-FOI1EMrdN5qziwvFAuH4saOo0+ggxeTuKLPpy6nezNdLUnDW1vCHGq0VSSfTSRstDgfXgwff5TMP9NeJ8NiFOQ==",
      "license": "MIT",
      "dependencies": {
        "cnbuilder": "^3.1.0",
        "react-draggable": "^4.4.5",
        "zoom-level": "^2.5.0"
      },
      "funding": {
        "type": "patreon",
        "url": "https://www.patreon.com/xobotyi"
      },
      "peerDependencies": {
        "react": ">=16.0.0"
      }
    },
    "node_modules/react-scrollbars-custom/node_modules/react-draggable": {
      "version": "4.4.6",
      "resolved": "https://registry.npmjs.org/react-draggable/-/react-draggable-4.4.6.tgz",
      "integrity": "sha512-LtY5Xw1zTPqHkVmtM3X8MUOxNDOUhv/khTgBgrUvwaS064bwVvxT+q5El0uUFNx5IEPKXuRejr7UqLwBIg5pdw==",
      "license": "MIT",
      "dependencies": {
        "clsx": "^1.1.1",
        "prop-types": "^15.8.1"
      },
      "peerDependencies": {
        "react": ">= 16.3.0",
        "react-dom": ">= 16.3.0"
      }
    },
    "node_modules/scheduler": {
      "version": "0.20.2",
      "resolved": "https://registry.npmjs.org/scheduler/-/scheduler-0.20.2.tgz",
      "integrity": "sha512-2eWfGgAqqWFGqtdMmcL5zCMK1U8KlXv8SQFGglL3CEtd0aDVDWgeF/YoCmvln55m5zSk3J/20hTaSBeSObsQDQ==",
      "license": "MIT",
      "peer": true,
      "dependencies": {
        "loose-envify": "^1.1.0",
        "object-assign": "^4.1.1"
      }
    },
    "node_modules/zoom-level": {
      "version": "2.5.0",
      "resolved": "https://registry.npmjs.org/zoom-level/-/zoom-level-2.5.0.tgz",
      "integrity": "sha512-7UlRWU4Q3uCMCeDVMOm7eBrIu145OqsIJ3p6zq58l8UsSYwKWxc6zEapC5YA9tIeh0oheb4cT9Kk2Wq353loFg==",
      "license": "MIT",
      "funding": {
        "type": "patreon",
        "url": "https://www.patreon.com/xobotyi"
      }
    }
  }
}
